{"format_version":"1.0","provider_schemas":{"registry.terraform.io/ns1-terraform/ns1":{"provider":{"version":0,"block":{"attributes":{"apikey":{"type":"string","description":"The ns1 API key (required)","description_kind":"plain","optional":true},"endpoint":{"type":"string","description":"URL prefix (including version) for API calls","description_kind":"plain","optional":true},"ignore_ssl":{"type":"bool","description":"Don't validate server SSL/TLS certificate","description_kind":"plain","optional":true},"rate_limit_parallelism":{"type":"number","description":"Tune response to rate limits, see docs","description_kind":"plain","optional":true},"retry_max":{"type":"number","description":"Maximum retries for 50x errors (-1 to disable)","description_kind":"plain","optional":true},"user_agent":{"type":"string","description":"User-Agent string to use in NS1 API requests","description_kind":"plain","optional":true}},"description_kind":"plain"}},"resource_schemas":{"ns1_account_whitelist":{"version":1,"block":{"attributes":{"id":{"type":"string","description_kind":"plain","optional":true,"computed":true},"name":{"type":"string","description_kind":"plain","required":true},"values":{"type":["list","string"],"description_kind":"plain","required":true}},"description_kind":"plain"}},"ns1_apikey":{"version":1,"block":{"attributes":{"account_manage_account_settings":{"type":"bool","description_kind":"plain","optional":true},"account_manage_apikeys":{"type":"bool","description_kind":"plain","optional":true},"account_manage_ip_whitelist":{"type":"bool","description_kind":"plain","optional":true},"account_manage_payment_methods":{"type":"bool","description_kind":"plain","optional":true},"account_manage_plan":{"type":"bool","description_kind":"plain","deprecated":true,"optional":true},"account_manage_teams":{"type":"bool","description_kind":"plain","optional":true},"account_manage_users":{"type":"bool","description_kind":"plain","optional":true},"account_view_activity_log":{"type":"bool","description_kind":"plain","optional":true},"account_view_invoices":{"type":"bool","description_kind":"plain","optional":true},"data_manage_datafeeds":{"type":"bool","description_kind":"plain","optional":true},"data_manage_datasources":{"type":"bool","description_kind":"plain","optional":true},"data_push_to_datafeeds":{"type":"bool","description_kind":"plain","optional":true},"dns_manage_zones":{"type":"bool","description_kind":"plain","optional":true},"dns_view_zones":{"type":"bool","description_kind":"plain","optional":true},"dns_zones_allow":{"type":["list","string"],"description_kind":"plain","optional":true},"dns_zones_allow_by_default":{"type":"bool","description_kind":"plain","optional":true},"dns_zones_deny":{"type":["list","string"],"description_kind":"plain","optional":true},"id":{"type":"string","description_kind":"plain","optional":true,"computed":true},"ip_whitelist":{"type":["set","string"],"description_kind":"plain","optional":true},"ip_whitelist_strict":{"type":"bool","description_kind":"plain","optional":true},"key":{"type":"string","description_kind":"plain","computed":true,"sensitive":true},"monitoring_create_jobs":{"type":"bool","description_kind":"plain","optional":true},"monitoring_delete_jobs":{"type":"bool","description_kind":"plain","optional":true},"monitoring_manage_jobs":{"type":"bool","description_kind":"plain","optional":true},"monitoring_manage_lists":{"type":"bool","description_kind":"plain","optional":true},"monitoring_update_jobs":{"type":"bool","description_kind":"plain","optional":true},"monitoring_view_jobs":{"type":"bool","description_kind":"plain","optional":true},"name":{"type":"string","description_kind":"plain","required":true},"security_manage_active_directory":{"type":"bool","description_kind":"plain","optional":true},"security_manage_global_2fa":{"type":"bool","description_kind":"plain","optional":true},"teams":{"type":["list","string"],"description_kind":"plain","optional":true}},"block_types":{"dns_records_allow":{"nesting_mode":"list","block":{"attributes":{"domain":{"type":"string","description_kind":"plain","required":true},"include_subdomains":{"type":"bool","description_kind":"plain","required":true},"type":{"type":"string","description_kind":"plain","required":true},"zone":{"type":"string","description_kind":"plain","required":true}},"description_kind":"plain"}},"dns_records_deny":{"nesting_mode":"list","block":{"attributes":{"domain":{"type":"string","description_kind":"plain","required":true},"include_subdomains":{"type":"bool","description_kind":"plain","required":true},"type":{"type":"string","description_kind":"plain","required":true},"zone":{"type":"string","description_kind":"plain","required":true}},"description_kind":"plain"}}},"description_kind":"plain"}},"ns1_application":{"version":0,"block":{"attributes":{"active":{"type":"bool","description_kind":"plain","optional":true},"browser_wait_millis":{"type":"number","description_kind":"plain","optional":true},"id":{"type":"string","description_kind":"plain","optional":true,"computed":true},"jobs_per_transaction":{"type":"number","description_kind":"plain","optional":true},"name":{"type":"string","description_kind":"plain","required":true}},"block_types":{"default_config":{"nesting_mode":"list","block":{"attributes":{"http":{"type":"bool","description_kind":"plain","required":true},"https":{"type":"bool","description_kind":"plain","optional":true},"job_timeout_millis":{"type":"number","description_kind":"plain","optional":true},"request_timeout_millis":{"type":"number","description_kind":"plain","optional":true},"static_values":{"type":"bool","description_kind":"plain","optional":true},"use_xhr":{"type":"bool","description_kind":"plain","optional":true}},"description_kind":"plain"},"max_items":1}},"description_kind":"plain"}},"ns1_datafeed":{"version":0,"block":{"attributes":{"config":{"type":["map","string"],"description_kind":"plain","optional":true},"id":{"type":"string","description_kind":"plain","optional":true,"computed":true},"name":{"type":"string","description_kind":"plain","required":true},"source_id":{"type":"string","description_kind":"plain","required":true}},"description_kind":"plain"}},"ns1_dataset":{"version":0,"block":{"attributes":{"export_type":{"type":"string","description_kind":"plain","required":true},"id":{"type":"string","description_kind":"plain","computed":true},"name":{"type":"string","description_kind":"plain","required":true},"recipient_emails":{"type":["set","string"],"description_kind":"plain","optional":true},"reports":{"type":["list",["object",{"created_at":"number","end":"number","id":"string","start":"number","status":"string"}]],"description_kind":"plain","computed":true}},"block_types":{"datatype":{"nesting_mode":"list","block":{"attributes":{"data":{"type":["map","string"],"description_kind":"plain","required":true},"scope":{"type":"string","description_kind":"plain","required":true},"type":{"type":"string","description_kind":"plain","required":true}},"description_kind":"plain"},"min_items":1,"max_items":1},"repeat":{"nesting_mode":"list","block":{"attributes":{"end_after_n":{"type":"number","description_kind":"plain","required":true},"repeats_every":{"type":"string","description_kind":"plain","required":true},"start":{"type":"number","description_kind":"plain","required":true}},"description_kind":"plain"},"max_items":1},"timeframe":{"nesting_mode":"list","block":{"attributes":{"aggregation":{"type":"string","description_kind":"plain","required":true},"cycles":{"type":"number","description_kind":"plain","optional":true},"from":{"type":"number","description_kind":"plain","optional":true},"to":{"type":"number","description_kind":"plain","optional":true}},"description_kind":"plain"},"min_items":1,"max_items":1}},"description_kind":"plain"}},"ns1_datasource":{"version":0,"block":{"attributes":{"config":{"type":["map","string"],"description_kind":"plain","optional":true},"id":{"type":"string","description_kind":"plain","optional":true,"computed":true},"name":{"type":"string","description_kind":"plain","required":true},"sourcetype":{"type":"string","description_kind":"plain","required":true}},"description_kind":"plain"}},"ns1_dnsview":{"version":1,"block":{"attributes":{"created_at":{"type":"number","description_kind":"plain","computed":true},"id":{"type":"string","description_kind":"plain","optional":true,"computed":true},"name":{"type":"string","description_kind":"plain","required":true},"networks":{"type":["set","number"],"description_kind":"plain","optional":true},"preference":{"type":"number","description_kind":"plain","optional":true,"computed":true},"read_acls":{"type":["list","string"],"description_kind":"plain","optional":true},"update_acls":{"type":["list","string"],"description_kind":"plain","optional":true},"updated_at":{"type":"number","description_kind":"plain","computed":true},"zones":{"type":["set","string"],"description_kind":"plain","optional":true}},"description_kind":"plain"}},"ns1_monitoringjob":{"version":0,"block":{"attributes":{"active":{"type":"bool","description_kind":"plain","optional":true},"config":{"type":["map","string"],"description_kind":"plain","required":true},"frequency":{"type":"number","description_kind":"plain","required":true},"id":{"type":"string","description_kind":"plain","optional":true,"computed":true},"job_type":{"type":"string","description_kind":"plain","required":true},"mute":{"type":"bool","description_kind":"plain","optional":true},"name":{"type":"string","description_kind":"plain","required":true},"notes":{"type":"string","description_kind":"plain","optional":true},"notify_delay":{"type":"number","description_kind":"plain","optional":true},"notify_failback":{"type":"bool","description_kind":"plain","optional":true},"notify_list":{"type":"string","description_kind":"plain","optional":true},"notify_regional":{"type":"bool","description_kind":"plain","optional":true},"notify_repeat":{"type":"number","description_kind":"plain","optional":true},"policy":{"type":"string","description_kind":"plain","optional":true},"rapid_recheck":{"type":"bool","description_kind":"plain","optional":true},"regions":{"type":["set","string"],"description_kind":"plain","required":true}},"block_types":{"rules":{"nesting_mode":"list","block":{"attributes":{"comparison":{"type":"string","description_kind":"plain","required":true},"key":{"type":"string","description_kind":"plain","required":true},"value":{"type":"string","description_kind":"plain","required":true}},"description_kind":"plain"}}},"description_kind":"plain"}},"ns1_notifylist":{"version":0,"block":{"attributes":{"id":{"type":"string","description_kind":"plain","optional":true,"computed":true},"name":{"type":"string","description_kind":"plain","required":true}},"block_types":{"notifications":{"nesting_mode":"set","block":{"attributes":{"config":{"type":["map","string"],"description_kind":"plain","required":true},"type":{"type":"string","description_kind":"plain","required":true}},"description_kind":"plain"}}},"description_kind":"plain"}},"ns1_pulsarjob":{"version":1,"block":{"attributes":{"active":{"type":"bool","description_kind":"plain","optional":true},"app_id":{"type":"string","description_kind":"plain","required":true},"community":{"type":"bool","description_kind":"plain","computed":true},"customer":{"type":"number","description_kind":"plain","computed":true},"id":{"type":"string","description_kind":"plain","optional":true,"computed":true},"job_id":{"type":"string","description_kind":"plain","computed":true},"name":{"type":"string","description_kind":"plain","required":true},"shared":{"type":"bool","description_kind":"plain","optional":true},"type_id":{"type":"string","description_kind":"plain","required":true}},"block_types":{"blend_metric_weights":{"nesting_mode":"list","block":{"attributes":{"timestamp":{"type":"number","description_kind":"plain","required":true}},"description_kind":"plain"},"max_items":1},"config":{"nesting_mode":"list","block":{"attributes":{"host":{"type":"string","description_kind":"plain","optional":true},"http":{"type":"bool","description_kind":"plain","optional":true},"https":{"type":"bool","description_kind":"plain","optional":true},"job_timeout_millis":{"type":"number","description_kind":"plain","optional":true},"request_timeout_millis":{"type":"number","description_kind":"plain","optional":true},"static_values":{"type":"bool","description_kind":"plain","optional":true},"url_path":{"type":"string","description_kind":"plain","optional":true},"use_xhr":{"type":"bool","description_kind":"plain","optional":true}},"description_kind":"plain"},"max_items":1},"weights":{"nesting_mode":"set","block":{"attributes":{"default_value":{"type":"number","description_kind":"plain","required":true},"maximize":{"type":"bool","description_kind":"plain","optional":true},"name":{"type":"string","description_kind":"plain","required":true},"weight":{"type":"number","description_kind":"plain","required":true}},"description_kind":"plain"}}},"description_kind":"plain"}},"ns1_record":{"version":0,"block":{"attributes":{"blocked_tags":{"type":["list","string"],"description_kind":"plain","optional":true},"domain":{"type":"string","description_kind":"plain","required":true},"id":{"type":"string","description_kind":"plain","optional":true,"computed":true},"link":{"type":"string","description_kind":"plain","optional":true},"meta":{"type":["map","string"],"description_kind":"plain","optional":true},"override_ttl":{"type":"bool","description_kind":"plain","optional":true},"short_answers":{"type":["list","string"],"description_kind":"plain","deprecated":true,"optional":true},"tags":{"type":["map","string"],"description_kind":"plain","optional":true},"ttl":{"type":"number","description_kind":"plain","optional":true,"computed":true},"type":{"type":"string","description_kind":"plain","required":true},"use_client_subnet":{"type":"bool","description_kind":"plain","optional":true},"zone":{"type":"string","description_kind":"plain","required":true}},"block_types":{"answers":{"nesting_mode":"list","block":{"attributes":{"answer":{"type":"string","description_kind":"plain","optional":true},"meta":{"type":["map","string"],"description_kind":"plain","optional":true},"region":{"type":"string","description_kind":"plain","optional":true}},"description_kind":"plain"}},"filters":{"nesting_mode":"list","block":{"attributes":{"config":{"type":["map","string"],"description_kind":"plain","optional":true},"disabled":{"type":"bool","description_kind":"plain","optional":true},"filter":{"type":"string","description_kind":"plain","required":true}},"description_kind":"plain"}},"regions":{"nesting_mode":"set","block":{"attributes":{"meta":{"type":["map","string"],"description_kind":"plain","optional":true},"name":{"type":"string","description_kind":"plain","required":true}},"description_kind":"plain"}}},"description_kind":"plain"}},"ns1_redirect":{"version":0,"block":{"attributes":{"certificate_id":{"type":"string","description_kind":"plain","optional":true,"computed":true},"domain":{"type":"string","description_kind":"plain","required":true},"forwarding_mode":{"type":"string","description_kind":"plain","optional":true},"forwarding_type":{"type":"string","description_kind":"plain","optional":true},"https_enabled":{"type":"bool","description_kind":"plain","computed":true},"https_forced":{"type":"bool","description_kind":"plain","optional":true,"computed":true},"id":{"type":"string","description_kind":"plain","computed":true},"last_updated":{"type":"number","description_kind":"plain","computed":true},"path":{"type":"string","description_kind":"plain","required":true},"query_forwarding":{"type":"bool","description_kind":"plain","optional":true},"tags":{"type":["set","string"],"description_kind":"plain","optional":true},"target":{"type":"string","description_kind":"plain","required":true}},"description_kind":"plain"}},"ns1_redirect_certificate":{"version":0,"block":{"attributes":{"certificate":{"type":"string","description_kind":"plain","computed":true},"domain":{"type":"string","description_kind":"plain","required":true},"errors":{"type":"string","description_kind":"plain","computed":true},"id":{"type":"string","description_kind":"plain","computed":true},"last_updated":{"type":"number","description_kind":"plain","computed":true},"valid_from":{"type":"number","description_kind":"plain","computed":true},"valid_until":{"type":"number","description_kind":"plain","computed":true}},"description_kind":"plain"}},"ns1_team":{"version":1,"block":{"attributes":{"account_manage_account_settings":{"type":"bool","description_kind":"plain","optional":true},"account_manage_apikeys":{"type":"bool","description_kind":"plain","optional":true},"account_manage_ip_whitelist":{"type":"bool","description_kind":"plain","optional":true},"account_manage_payment_methods":{"type":"bool","description_kind":"plain","optional":true},"account_manage_plan":{"type":"bool","description_kind":"plain","deprecated":true,"optional":true},"account_manage_teams":{"type":"bool","description_kind":"plain","optional":true},"account_manage_users":{"type":"bool","description_kind":"plain","optional":true},"account_view_activity_log":{"type":"bool","description_kind":"plain","optional":true},"account_view_invoices":{"type":"bool","description_kind":"plain","optional":true},"data_manage_datafeeds":{"type":"bool","description_kind":"plain","optional":true},"data_manage_datasources":{"type":"bool","description_kind":"plain","optional":true},"data_push_to_datafeeds":{"type":"bool","description_kind":"plain","optional":true},"dns_manage_zones":{"type":"bool","description_kind":"plain","optional":true},"dns_view_zones":{"type":"bool","description_kind":"plain","optional":true},"dns_zones_allow":{"type":["list","string"],"description_kind":"plain","optional":true},"dns_zones_allow_by_default":{"type":"bool","description_kind":"plain","optional":true},"dns_zones_deny":{"type":["list","string"],"description_kind":"plain","optional":true},"id":{"type":"string","description_kind":"plain","optional":true,"computed":true},"monitoring_create_jobs":{"type":"bool","description_kind":"plain","optional":true},"monitoring_delete_jobs":{"type":"bool","description_kind":"plain","optional":true},"monitoring_manage_jobs":{"type":"bool","description_kind":"plain","optional":true},"monitoring_manage_lists":{"type":"bool","description_kind":"plain","optional":true},"monitoring_update_jobs":{"type":"bool","description_kind":"plain","optional":true},"monitoring_view_jobs":{"type":"bool","description_kind":"plain","optional":true},"name":{"type":"string","description_kind":"plain","required":true},"security_manage_active_directory":{"type":"bool","description_kind":"plain","optional":true},"security_manage_global_2fa":{"type":"bool","description_kind":"plain","optional":true}},"block_types":{"dns_records_allow":{"nesting_mode":"list","block":{"attributes":{"domain":{"type":"string","description_kind":"plain","required":true},"include_subdomains":{"type":"bool","description_kind":"plain","required":true},"type":{"type":"string","description_kind":"plain","required":true},"zone":{"type":"string","description_kind":"plain","required":true}},"description_kind":"plain"}},"dns_records_deny":{"nesting_mode":"list","block":{"attributes":{"domain":{"type":"string","description_kind":"plain","required":true},"include_subdomains":{"type":"bool","description_kind":"plain","required":true},"type":{"type":"string","description_kind":"plain","required":true},"zone":{"type":"string","description_kind":"plain","required":true}},"description_kind":"plain"}},"ip_whitelist":{"nesting_mode":"set","block":{"attributes":{"name":{"type":"string","description_kind":"plain","required":true},"values":{"type":["set","string"],"description_kind":"plain","required":true}},"description_kind":"plain"}}},"description_kind":"plain"}},"ns1_tsigkey":{"version":1,"block":{"attributes":{"algorithm":{"type":"string","description_kind":"plain","required":true},"id":{"type":"string","description_kind":"plain","optional":true,"computed":true},"name":{"type":"string","description_kind":"plain","required":true},"secret":{"type":"string","description_kind":"plain","required":true}},"description_kind":"plain"}},"ns1_user":{"version":1,"block":{"attributes":{"account_manage_account_settings":{"type":"bool","description_kind":"plain","optional":true},"account_manage_apikeys":{"type":"bool","description_kind":"plain","optional":true},"account_manage_ip_whitelist":{"type":"bool","description_kind":"plain","optional":true},"account_manage_payment_methods":{"type":"bool","description_kind":"plain","optional":true},"account_manage_plan":{"type":"bool","description_kind":"plain","deprecated":true,"optional":true},"account_manage_teams":{"type":"bool","description_kind":"plain","optional":true},"account_manage_users":{"type":"bool","description_kind":"plain","optional":true},"account_view_activity_log":{"type":"bool","description_kind":"plain","optional":true},"account_view_invoices":{"type":"bool","description_kind":"plain","optional":true},"data_manage_datafeeds":{"type":"bool","description_kind":"plain","optional":true},"data_manage_datasources":{"type":"bool","description_kind":"plain","optional":true},"data_push_to_datafeeds":{"type":"bool","description_kind":"plain","optional":true},"dns_manage_zones":{"type":"bool","description_kind":"plain","optional":true},"dns_view_zones":{"type":"bool","description_kind":"plain","optional":true},"dns_zones_allow":{"type":["list","string"],"description_kind":"plain","optional":true},"dns_zones_allow_by_default":{"type":"bool","description_kind":"plain","optional":true},"dns_zones_deny":{"type":["list","string"],"description_kind":"plain","optional":true},"email":{"type":"string","description_kind":"plain","required":true},"id":{"type":"string","description_kind":"plain","optional":true,"computed":true},"ip_whitelist":{"type":["set","string"],"description_kind":"plain","optional":true},"ip_whitelist_strict":{"type":"bool","description_kind":"plain","optional":true},"monitoring_create_jobs":{"type":"bool","description_kind":"plain","optional":true},"monitoring_delete_jobs":{"type":"bool","description_kind":"plain","optional":true},"monitoring_manage_jobs":{"type":"bool","description_kind":"plain","optional":true},"monitoring_manage_lists":{"type":"bool","description_kind":"plain","optional":true},"monitoring_update_jobs":{"type":"bool","description_kind":"plain","optional":true},"monitoring_view_jobs":{"type":"bool","description_kind":"plain","optional":true},"name":{"type":"string","description_kind":"plain","required":true},"notify":{"type":["map","bool"],"description_kind":"plain","optional":true},"security_manage_active_directory":{"type":"bool","description_kind":"plain","optional":true},"security_manage_global_2fa":{"type":"bool","description_kind":"plain","optional":true},"teams":{"type":["list","string"],"description_kind":"plain","optional":true},"username":{"type":"string","description_kind":"plain","required":true}},"block_types":{"dns_records_allow":{"nesting_mode":"list","block":{"attributes":{"domain":{"type":"string","description_kind":"plain","required":true},"include_subdomains":{"type":"bool","description_kind":"plain","required":true},"type":{"type":"string","description_kind":"plain","required":true},"zone":{"type":"string","description_kind":"plain","required":true}},"description_kind":"plain"}},"dns_records_deny":{"nesting_mode":"list","block":{"attributes":{"domain":{"type":"string","description_kind":"plain","required":true},"include_subdomains":{"type":"bool","description_kind":"plain","required":true},"type":{"type":"string","description_kind":"plain","required":true},"zone":{"type":"string","description_kind":"plain","required":true}},"description_kind":"plain"}}},"description_kind":"plain"}},"ns1_zone":{"version":0,"block":{"attributes":{"additional_ports":{"type":["list","number"],"description_kind":"plain","optional":true},"additional_primaries":{"type":["list","string"],"description_kind":"plain","optional":true},"autogenerate_ns_record":{"type":"bool","description_kind":"plain","optional":true},"dns_servers":{"type":"string","description_kind":"plain","computed":true},"dnssec":{"type":"bool","description_kind":"plain","optional":true,"computed":true},"expiry":{"type":"number","description_kind":"plain","optional":true,"computed":true},"hostmaster":{"type":"string","description_kind":"plain","optional":true,"computed":true},"id":{"type":"string","description_kind":"plain","optional":true,"computed":true},"link":{"type":"string","description_kind":"plain","optional":true},"networks":{"type":["set","number"],"description_kind":"plain","optional":true,"computed":true},"nx_ttl":{"type":"number","description_kind":"plain","optional":true,"computed":true},"primary":{"type":"string","description_kind":"plain","optional":true},"primary_port":{"type":"number","description_kind":"plain","optional":true,"computed":true},"refresh":{"type":"number","description_kind":"plain","optional":true,"computed":true},"retry":{"type":"number","description_kind":"plain","optional":true,"computed":true},"tags":{"type":["map","string"],"description_kind":"plain","optional":true},"tsig":{"type":["map","string"],"description_kind":"plain","optional":true},"ttl":{"type":"number","description_kind":"plain","optional":true,"computed":true},"zone":{"type":"string","description_kind":"plain","required":true}},"block_types":{"secondaries":{"nesting_mode":"set","block":{"attributes":{"ip":{"type":"string","description_kind":"plain","required":true},"networks":{"type":["set","number"],"description_kind":"plain","computed":true},"notify":{"type":"bool","description_kind":"plain","optional":true,"computed":true},"port":{"type":"number","description_kind":"plain","optional":true,"computed":true}},"description_kind":"plain"}}},"description_kind":"plain"}}},"data_source_schemas":{"ns1_dnssec":{"version":0,"block":{"attributes":{"delegation":{"type":["list",["object",{"dnskey":["list",["object",{"algorithm":"string","flags":"string","protocol":"string","public_key":"string"}]],"ds":["list",["object",{"algorithm":"string","flags":"string","protocol":"string","public_key":"string"}]],"ttl":"number"}]],"description_kind":"plain","computed":true},"id":{"type":"string","description_kind":"plain","optional":true,"computed":true},"keys":{"type":["list",["object",{"dnskey":["list",["object",{"algorithm":"string","flags":"string","protocol":"string","public_key":"string"}]],"ttl":"number"}]],"description_kind":"plain","computed":true},"zone":{"type":"string","description_kind":"plain","required":true}},"description_kind":"plain"}},"ns1_monitoring_regions":{"version":0,"block":{"attributes":{"id":{"type":"string","description_kind":"plain","optional":true,"computed":true}},"block_types":{"regions":{"nesting_mode":"list","block":{"attributes":{"code":{"type":"string","description_kind":"plain","optional":true},"name":{"type":"string","description_kind":"plain","optional":true},"subnets":{"type":["list","string"],"description_kind":"plain","optional":true}},"description_kind":"plain"}}},"description_kind":"plain"}},"ns1_networks":{"version":0,"block":{"attributes":{"id":{"type":"string","description_kind":"plain","optional":true,"computed":true},"networks":{"type":["set",["object",{"label":"string","name":"string","network_id":"number"}]],"description_kind":"plain","computed":true}},"description_kind":"plain"}},"ns1_record":{"version":0,"block":{"attributes":{"answers":{"type":["list",["object",{"answer":"string","meta":["map","string"],"region":"string"}]],"description_kind":"plain","computed":true},"domain":{"type":"string","description_kind":"plain","required":true},"filters":{"type":["list",["object",{"config":["map","string"],"disabled":"bool","filter":"string"}]],"description_kind":"plain","computed":true},"id":{"type":"string","description_kind":"plain","optional":true,"computed":true},"link":{"type":"string","description_kind":"plain","computed":true},"meta":{"type":["map","string"],"description_kind":"plain","computed":true},"override_ttl":{"type":"bool","description_kind":"plain","computed":true},"regions":{"type":["list",["object",{"meta":["map","string"],"name":"string"}]],"description_kind":"plain","computed":true},"short_answers":{"type":["list","string"],"description_kind":"plain","computed":true},"tags":{"type":["map","string"],"description_kind":"plain","computed":true},"ttl":{"type":"number","description_kind":"plain","computed":true},"type":{"type":"string","description_kind":"plain","required":true},"use_client_subnet":{"type":"bool","description_kind":"plain","computed":true},"zone":{"type":"string","description_kind":"plain","required":true}},"description_kind":"plain"}},"ns1_zone":{"version":0,"block":{"attributes":{"additional_ports":{"type":["list","number"],"description_kind":"plain","optional":true},"additional_primaries":{"type":["list","string"],"description_kind":"plain","optional":true},"dns_servers":{"type":"string","description_kind":"plain","computed":true},"dnssec":{"type":"bool","description_kind":"plain","computed":true},"expiry":{"type":"number","description_kind":"plain","computed":true},"hostmaster":{"type":"string","description_kind":"plain","computed":true},"id":{"type":"string","description_kind":"plain","optional":true,"computed":true},"link":{"type":"string","description_kind":"plain","computed":true},"networks":{"type":["set","number"],"description_kind":"plain","computed":true},"nx_ttl":{"type":"number","description_kind":"plain","computed":true},"primary":{"type":"string","description_kind":"plain","computed":true},"primary_port":{"type":"number","description_kind":"plain","optional":true},"refresh":{"type":"number","description_kind":"plain","computed":true},"retry":{"type":"number","description_kind":"plain","computed":true},"secondaries":{"type":["set",["object",{"ip":"string","networks":["set","number"],"notify":"bool","port":"number"}]],"description_kind":"plain","computed":true},"tags":{"type":["map","string"],"description_kind":"plain","computed":true},"ttl":{"type":"number","description_kind":"plain","computed":true},"zone":{"type":"string","description_kind":"plain","required":true}},"description_kind":"plain"}}}}}}
